
Microsoft Visual Studio Solution File, Format Version 12.00
# Visual Studio Version 16
VisualStudioVersion = 16.0.30204.135
MinimumVisualStudioVersion = 10.0.40219.1
Project("{888888A0-9F3D-457C-B088-3A5042F75D52}") = "Beyblade", "Beyblade.pyproj", "{ED0389BA-F0A7-4396-AD9D-532849F6DC3B}"
EndProject
Global
	GlobalSection(SolutionConfigurationPlatforms) = preSolution
		Debug|Any CPU = Debug|Any CPU
		Release|Any CPU = Release|Any CPU
	EndGlobalSection
	GlobalSection(ProjectConfigurationPlatforms) = postSolution
		{ED0389BA-F0A7-4396-AD9D-532849F6DC3B}.Debug|Any CPU.ActiveCfg = Debug|Any CPU
		{ED0389BA-F0A7-4396-AD9D-532849F6DC3B}.Release|Any CPU.ActiveCfg = Release|Any CPU
	EndGlobalSection
	GlobalSection(SolutionProperties) = preSolution
		HideSolutionNode = FALSE
	EndGlobalSection
	GlobalSection(ExtensibilityGlobals) = postSolution
		SolutionGuid = {DDF7A770-52C1-4219-973D-22235CCE7F58}
	EndGlobalSection
EndGlobal
