
Microsoft Visual Studio Solution File, Format Version 12.00
# Visual Studio Version 16
VisualStudioVersion = 16.0.30114.105
MinimumVisualStudioVersion = 10.0.40219.1
Project("{888888A0-9F3D-457C-B088-3A5042F75D52}") = "Ondas 2", "Ondas 2.pyproj", "{BA8EAEFF-17AE-4EBD-88EC-FB259E559E84}"
EndProject
Global
	GlobalSection(SolutionConfigurationPlatforms) = preSolution
		Debug|Any CPU = Debug|Any CPU
		Release|Any CPU = Release|Any CPU
	EndGlobalSection
	GlobalSection(ProjectConfigurationPlatforms) = postSolution
		{BA8EAEFF-17AE-4EBD-88EC-FB259E559E84}.Debug|Any CPU.ActiveCfg = Debug|Any CPU
		{BA8EAEFF-17AE-4EBD-88EC-FB259E559E84}.Release|Any CPU.ActiveCfg = Release|Any CPU
	EndGlobalSection
	GlobalSection(SolutionProperties) = preSolution
		HideSolutionNode = FALSE
	EndGlobalSection
	GlobalSection(ExtensibilityGlobals) = postSolution
		SolutionGuid = {AC0F22CE-D417-4634-B9F0-00AA7CBBA59D}
	EndGlobalSection
EndGlobal
