
Microsoft Visual Studio Solution File, Format Version 12.00
# Visual Studio Version 16
VisualStudioVersion = 16.0.30011.22
MinimumVisualStudioVersion = 10.0.40219.1
Project("{888888A0-9F3D-457C-B088-3A5042F75D52}") = "termo", "termo.pyproj", "{9E3BBEEA-0718-473E-9F55-B270CDD1C6BE}"
EndProject
Global
	GlobalSection(SolutionConfigurationPlatforms) = preSolution
		Debug|Any CPU = Debug|Any CPU
		Release|Any CPU = Release|Any CPU
	EndGlobalSection
	GlobalSection(ProjectConfigurationPlatforms) = postSolution
		{9E3BBEEA-0718-473E-9F55-B270CDD1C6BE}.Debug|Any CPU.ActiveCfg = Debug|Any CPU
		{9E3BBEEA-0718-473E-9F55-B270CDD1C6BE}.Release|Any CPU.ActiveCfg = Release|Any CPU
	EndGlobalSection
	GlobalSection(SolutionProperties) = preSolution
		HideSolutionNode = FALSE
	EndGlobalSection
	GlobalSection(ExtensibilityGlobals) = postSolution
		SolutionGuid = {D1D60521-039E-494F-B0AC-526589B5DF2C}
	EndGlobalSection
EndGlobal
