
Microsoft Visual Studio Solution File, Format Version 12.00
# Visual Studio Version 16
VisualStudioVersion = 16.0.29613.14
MinimumVisualStudioVersion = 10.0.40219.1
Project("{888888A0-9F3D-457C-B088-3A5042F75D52}") = "Gravidade", "Gravidade.pyproj", "{7C9C5F58-1B72-4773-81BA-A940CDD68608}"
EndProject
Global
	GlobalSection(SolutionConfigurationPlatforms) = preSolution
		Debug|Any CPU = Debug|Any CPU
		Release|Any CPU = Release|Any CPU
	EndGlobalSection
	GlobalSection(ProjectConfigurationPlatforms) = postSolution
		{7C9C5F58-1B72-4773-81BA-A940CDD68608}.Debug|Any CPU.ActiveCfg = Debug|Any CPU
		{7C9C5F58-1B72-4773-81BA-A940CDD68608}.Release|Any CPU.ActiveCfg = Release|Any CPU
	EndGlobalSection
	GlobalSection(SolutionProperties) = preSolution
		HideSolutionNode = FALSE
	EndGlobalSection
	GlobalSection(ExtensibilityGlobals) = postSolution
		SolutionGuid = {30F1E1D1-00C5-49D2-AFD6-D13158DE44DB}
	EndGlobalSection
EndGlobal
